
Microsoft Visual Studio Solution File, Format Version 12.00
# Visual Studio Version 16
VisualStudioVersion = 16.0.33130.400
MinimumVisualStudioVersion = 10.0.40219.1
Project("{FAE04EC0-301F-11D3-BF4B-00C04F79EFBC}") = "zad3_Shitov", "zad3_Shitov.csproj", "{F9C83137-B596-4F0C-90A4-2E39DD32C6B9}"
EndProject
Project("{FAE04EC0-301F-11D3-BF4B-00C04F79EFBC}") = "RoadWork", "..\RoadWork\RoadWork.csproj", "{8D700F9A-144D-4A4A-B4DB-ED863016708B}"
EndProject
Project("{FAE04EC0-301F-11D3-BF4B-00C04F79EFBC}") = "zad3_test", "..\zad3_test\zad3_test.csproj", "{F739F841-056C-427B-84CE-6C590DBA4138}"
EndProject
Global
	GlobalSection(SolutionConfigurationPlatforms) = preSolution
		Debug|Any CPU = Debug|Any CPU
		Release|Any CPU = Release|Any CPU
	EndGlobalSection
	GlobalSection(ProjectConfigurationPlatforms) = postSolution
		{F9C83137-B596-4F0C-90A4-2E39DD32C6B9}.Debug|Any CPU.ActiveCfg = Debug|Any CPU
		{F9C83137-B596-4F0C-90A4-2E39DD32C6B9}.Debug|Any CPU.Build.0 = Debug|Any CPU
		{F9C83137-B596-4F0C-90A4-2E39DD32C6B9}.Release|Any CPU.ActiveCfg = Release|Any CPU
		{F9C83137-B596-4F0C-90A4-2E39DD32C6B9}.Release|Any CPU.Build.0 = Release|Any CPU
		{8D700F9A-144D-4A4A-B4DB-ED863016708B}.Debug|Any CPU.ActiveCfg = Debug|Any CPU
		{8D700F9A-144D-4A4A-B4DB-ED863016708B}.Debug|Any CPU.Build.0 = Debug|Any CPU
		{8D700F9A-144D-4A4A-B4DB-ED863016708B}.Release|Any CPU.ActiveCfg = Release|Any CPU
		{8D700F9A-144D-4A4A-B4DB-ED863016708B}.Release|Any CPU.Build.0 = Release|Any CPU
		{F739F841-056C-427B-84CE-6C590DBA4138}.Debug|Any CPU.ActiveCfg = Debug|Any CPU
		{F739F841-056C-427B-84CE-6C590DBA4138}.Debug|Any CPU.Build.0 = Debug|Any CPU
		{F739F841-056C-427B-84CE-6C590DBA4138}.Release|Any CPU.ActiveCfg = Release|Any CPU
		{F739F841-056C-427B-84CE-6C590DBA4138}.Release|Any CPU.Build.0 = Release|Any CPU
	EndGlobalSection
	GlobalSection(SolutionProperties) = preSolution
		HideSolutionNode = FALSE
	EndGlobalSection
	GlobalSection(ExtensibilityGlobals) = postSolution
		SolutionGuid = {266AB272-44D4-4097-A313-362E556D1881}
	EndGlobalSection
EndGlobal
